
Microsoft Visual Studio Solution File, Format Version 12.00
# Visual Studio Version 17
VisualStudioVersion = 17.5.33530.505
MinimumVisualStudioVersion = 10.0.40219.1
Project("{FAE04EC0-301F-11D3-BF4B-00C04F79EFBC}") = "msgraph-sample-angularspa", "msgraph-sample-angularspa.csproj", "{4C359C06-69E8-400D-A205-A3551E4060CE}"
EndProject
Global
	GlobalSection(SolutionConfigurationPlatforms) = preSolution
		Debug|Any CPU = Debug|Any CPU
		Release|Any CPU = Release|Any CPU
	EndGlobalSection
	GlobalSection(ProjectConfigurationPlatforms) = postSolution
		{4C359C06-69E8-400D-A205-A3551E4060CE}.Debug|Any CPU.ActiveCfg = Debug|Any CPU
		{4C359C06-69E8-400D-A205-A3551E4060CE}.Debug|Any CPU.Build.0 = Debug|Any CPU
		{4C359C06-69E8-400D-A205-A3551E4060CE}.Release|Any CPU.ActiveCfg = Release|Any CPU
		{4C359C06-69E8-400D-A205-A3551E4060CE}.Release|Any CPU.Build.0 = Release|Any CPU
	EndGlobalSection
	GlobalSection(SolutionProperties) = preSolution
		HideSolutionNode = FALSE
	EndGlobalSection
	GlobalSection(ExtensibilityGlobals) = postSolution
		SolutionGuid = {6F636D6A-52B2-405A-9B22-E36C4D41486E}
	EndGlobalSection
EndGlobal
